// !$*UTF8*$!
{
	archiveVersion = 1;
	classes = {
	};
	objectVersion = 51;
	objects = {

/* Begin PBXBuildFile section */
		7DB7DA5DA3A7DAFA02BF3447 /* Pods_WillowCreek.framework in Frameworks */ = {isa = PBXBuildFile; fileRef = FA748ACEB1D9C740752F0B73 /* Pods_WillowCreek.framework */; };
		A22AF95523190DC70035F5E4 /* Message.swift in Sources */ = {isa = PBXBuildFile; fileRef = A22AF95423190DC70035F5E4 /* Message.swift */; };
		A22AF95723197B410035F5E4 /* SearchViewController.swift in Sources */ = {isa = PBXBuildFile; fileRef = A22AF95623197B410035F5E4 /* SearchViewController.swift */; };
		A22AF95923197C1F0035F5E4 /* Tenant.swift in Sources */ = {isa = PBXBuildFile; fileRef = A22AF95823197C1F0035F5E4 /* Tenant.swift */; };
		A22BE64823189702009D7A52 /* MessagesViewController.swift in Sources */ = {isa = PBXBuildFile; fileRef = A22BE64723189702009D7A52 /* MessagesViewController.swift */; };
		A22BE64C2318BFF3009D7A52 /* Update.swift in Sources */ = {isa = PBXBuildFile; fileRef = A22BE64B2318BFF3009D7A52 /* Update.swift */; };
		A22BE64E2318E424009D7A52 /* AnnouncementsViewController.swift in Sources */ = {isa = PBXBuildFile; fileRef = A22BE64D2318E424009D7A52 /* AnnouncementsViewController.swift */; };
		A22BE6502318E4F7009D7A52 /* Announcement.swift in Sources */ = {isa = PBXBuildFile; fileRef = A22BE64F2318E4F7009D7A52 /* Announcement.swift */; };
		A22BE652231904DE009D7A52 /* MessagesTableViewCell.swift in Sources */ = {isa = PBXBuildFile; fileRef = A22BE651231904DE009D7A52 /* MessagesTableViewCell.swift */; };
		A22D95A12315D6E90002DF27 /* MaintenanceTableViewCell.swift in Sources */ = {isa = PBXBuildFile; fileRef = A22D95A02315D6E90002DF27 /* MaintenanceTableViewCell.swift */; };
		A22D95A32315D7080002DF27 /* UpdateTableViewCell.swift in Sources */ = {isa = PBXBuildFile; fileRef = A22D95A22315D7080002DF27 /* UpdateTableViewCell.swift */; };
		A22D95A62315EC5A0002DF27 /* Maintenance.swift in Sources */ = {isa = PBXBuildFile; fileRef = A22D95A52315EC5A0002DF27 /* Maintenance.swift */; };
		A22D95A923170E8B0002DF27 /* UpdateViewController.swift in Sources */ = {isa = PBXBuildFile; fileRef = A22D95A823170E8B0002DF27 /* UpdateViewController.swift */; };
		A235A583231311B000F04698 /* WorkOrderTableViewCell.swift in Sources */ = {isa = PBXBuildFile; fileRef = A235A582231311B000F04698 /* WorkOrderTableViewCell.swift */; };
		A235A585231319BF00F04698 /* WorkOrder.swift in Sources */ = {isa = PBXBuildFile; fileRef = A235A584231319BF00F04698 /* WorkOrder.swift */; };
		A235A58823138A1000F04698 /* WorkOrderViewController.swift in Sources */ = {isa = PBXBuildFile; fileRef = A235A58723138A1000F04698 /* WorkOrderViewController.swift */; };
		A2502067230CA4B2007260EC /* InboxMenuTableViewCell.swift in Sources */ = {isa = PBXBuildFile; fileRef = A2502066230CA4B2007260EC /* InboxMenuTableViewCell.swift */; };
		A2767416230A2F90001FA091 /* DashboardViewController.swift in Sources */ = {isa = PBXBuildFile; fileRef = A2767415230A2F90001FA091 /* DashboardViewController.swift */; };
		A2767418230A2FF8001FA091 /* MessageViewController.swift in Sources */ = {isa = PBXBuildFile; fileRef = A2767417230A2FF8001FA091 /* MessageViewController.swift */; };
		A2BA734D2308823300C3B7A6 /* AppDelegate.swift in Sources */ = {isa = PBXBuildFile; fileRef = A2BA734C2308823300C3B7A6 /* AppDelegate.swift */; };
		A2BA734F2308823300C3B7A6 /* LoginViewController.swift in Sources */ = {isa = PBXBuildFile; fileRef = A2BA734E2308823300C3B7A6 /* LoginViewController.swift */; };
		A2BA73522308823300C3B7A6 /* Main.storyboard in Resources */ = {isa = PBXBuildFile; fileRef = A2BA73502308823300C3B7A6 /* Main.storyboard */; };
		A2BA73542308823400C3B7A6 /* Assets.xcassets in Resources */ = {isa = PBXBuildFile; fileRef = A2BA73532308823400C3B7A6 /* Assets.xcassets */; };
		A2BA73572308823400C3B7A6 /* LaunchScreen.storyboard in Resources */ = {isa = PBXBuildFile; fileRef = A2BA73552308823400C3B7A6 /* LaunchScreen.storyboard */; };
		A2BA735F2308AB3A00C3B7A6 /* GoogleService-Info.plist in Resources */ = {isa = PBXBuildFile; fileRef = A2BA735E2308AB3A00C3B7A6 /* GoogleService-Info.plist */; };
		A2C9B1A5230DDC9D00685F88 /* CustomCollectionViewCell.swift in Sources */ = {isa = PBXBuildFile; fileRef = A2C9B1A4230DDC9D00685F88 /* CustomCollectionViewCell.swift */; };
		A2C9B1A7230DDF2B00685F88 /* DashboardViewController+TableView.swift in Sources */ = {isa = PBXBuildFile; fileRef = A2C9B1A6230DDF2B00685F88 /* DashboardViewController+TableView.swift */; };
		A2C9B1A9230DEE5700685F88 /* DashboardViewController+CollectionView.swift in Sources */ = {isa = PBXBuildFile; fileRef = A2C9B1A8230DEE5700685F88 /* DashboardViewController+CollectionView.swift */; };
		A2E26D1523108CE0003AA0EA /* WorkOrdersViewController.swift in Sources */ = {isa = PBXBuildFile; fileRef = A2E26D1423108CE0003AA0EA /* WorkOrdersViewController.swift */; };
/* End PBXBuildFile section */

/* Begin PBXFileReference section */
		87938F6FA0631C461C628EF3 /* Pods-WillowCreek.release.xcconfig */ = {isa = PBXFileReference; includeInIndex = 1; lastKnownFileType = text.xcconfig; name = "Pods-WillowCreek.release.xcconfig"; path = "Target Support Files/Pods-WillowCreek/Pods-WillowCreek.release.xcconfig"; sourceTree = "<group>"; };
		A22AF95423190DC70035F5E4 /* Message.swift */ = {isa = PBXFileReference; lastKnownFileType = sourcecode.swift; path = Message.swift; sourceTree = "<group>"; };
		A22AF95623197B410035F5E4 /* SearchViewController.swift */ = {isa = PBXFileReference; lastKnownFileType = sourcecode.swift; path = SearchViewController.swift; sourceTree = "<group>"; };
		A22AF95823197C1F0035F5E4 /* Tenant.swift */ = {isa = PBXFileReference; lastKnownFileType = sourcecode.swift; path = Tenant.swift; sourceTree = "<group>"; };
		A22BE64723189702009D7A52 /* MessagesViewController.swift */ = {isa = PBXFileReference; lastKnownFileType = sourcecode.swift; path = MessagesViewController.swift; sourceTree = "<group>"; };
		A22BE64B2318BFF3009D7A52 /* Update.swift */ = {isa = PBXFileReference; lastKnownFileType = sourcecode.swift; path = Update.swift; sourceTree = "<group>"; };
		A22BE64D2318E424009D7A52 /* AnnouncementsViewController.swift */ = {isa = PBXFileReference; lastKnownFileType = sourcecode.swift; path = AnnouncementsViewController.swift; sourceTree = "<group>"; };
		A22BE64F2318E4F7009D7A52 /* Announcement.swift */ = {isa = PBXFileReference; lastKnownFileType = sourcecode.swift; path = Announcement.swift; sourceTree = "<group>"; };
		A22BE651231904DE009D7A52 /* MessagesTableViewCell.swift */ = {isa = PBXFileReference; lastKnownFileType = sourcecode.swift; path = MessagesTableViewCell.swift; sourceTree = "<group>"; };
		A22D95A02315D6E90002DF27 /* MaintenanceTableViewCell.swift */ = {isa = PBXFileReference; lastKnownFileType = sourcecode.swift; path = MaintenanceTableViewCell.swift; sourceTree = "<group>"; };
		A22D95A22315D7080002DF27 /* UpdateTableViewCell.swift */ = {isa = PBXFileReference; lastKnownFileType = sourcecode.swift; path = UpdateTableViewCell.swift; sourceTree = "<group>"; };
		A22D95A52315EC5A0002DF27 /* Maintenance.swift */ = {isa = PBXFileReference; lastKnownFileType = sourcecode.swift; path = Maintenance.swift; sourceTree = "<group>"; };
		A22D95A823170E8B0002DF27 /* UpdateViewController.swift */ = {isa = PBXFileReference; lastKnownFileType = sourcecode.swift; path = UpdateViewController.swift; sourceTree = "<group>"; };
		A235A582231311B000F04698 /* WorkOrderTableViewCell.swift */ = {isa = PBXFileReference; lastKnownFileType = sourcecode.swift; path = WorkOrderTableViewCell.swift; sourceTree = "<group>"; };
		A235A584231319BF00F04698 /* WorkOrder.swift */ = {isa = PBXFileReference; lastKnownFileType = sourcecode.swift; path = WorkOrder.swift; sourceTree = "<group>"; };
		A235A58723138A1000F04698 /* WorkOrderViewController.swift */ = {isa = PBXFileReference; lastKnownFileType = sourcecode.swift; path = WorkOrderViewController.swift; sourceTree = "<group>"; };
		A2502066230CA4B2007260EC /* InboxMenuTableViewCell.swift */ = {isa = PBXFileReference; lastKnownFileType = sourcecode.swift; path = InboxMenuTableViewCell.swift; sourceTree = "<group>"; };
		A2767415230A2F90001FA091 /* DashboardViewController.swift */ = {isa = PBXFileReference; lastKnownFileType = sourcecode.swift; path = DashboardViewController.swift; sourceTree = "<group>"; };
		A2767417230A2FF8001FA091 /* MessageViewController.swift */ = {isa = PBXFileReference; lastKnownFileType = sourcecode.swift; path = MessageViewController.swift; sourceTree = "<group>"; };
		A2BA73492308823300C3B7A6 /* WillowCreek.app */ = {isa = PBXFileReference; explicitFileType = wrapper.application; includeInIndex = 0; path = WillowCreek.app; sourceTree = BUILT_PRODUCTS_DIR; };
		A2BA734C2308823300C3B7A6 /* AppDelegate.swift */ = {isa = PBXFileReference; lastKnownFileType = sourcecode.swift; path = AppDelegate.swift; sourceTree = "<group>"; };
		A2BA734E2308823300C3B7A6 /* LoginViewController.swift */ = {isa = PBXFileReference; lastKnownFileType = sourcecode.swift; path = LoginViewController.swift; sourceTree = "<group>"; };
		A2BA73512308823300C3B7A6 /* Base */ = {isa = PBXFileReference; lastKnownFileType = file.storyboard; name = Base; path = Base.lproj/Main.storyboard; sourceTree = "<group>"; };
		A2BA73532308823400C3B7A6 /* Assets.xcassets */ = {isa = PBXFileReference; lastKnownFileType = folder.assetcatalog; path = Assets.xcassets; sourceTree = "<group>"; };
		A2BA73562308823400C3B7A6 /* Base */ = {isa = PBXFileReference; lastKnownFileType = file.storyboard; name = Base; path = Base.lproj/LaunchScreen.storyboard; sourceTree = "<group>"; };
		A2BA73582308823400C3B7A6 /* Info.plist */ = {isa = PBXFileReference; lastKnownFileType = text.plist.xml; path = Info.plist; sourceTree = "<group>"; };
		A2BA735E2308AB3A00C3B7A6 /* GoogleService-Info.plist */ = {isa = PBXFileReference; fileEncoding = 4; lastKnownFileType = text.plist.xml; path = "GoogleService-Info.plist"; sourceTree = "<group>"; };
		A2C9B1A4230DDC9D00685F88 /* CustomCollectionViewCell.swift */ = {isa = PBXFileReference; lastKnownFileType = sourcecode.swift; path = CustomCollectionViewCell.swift; sourceTree = "<group>"; };
		A2C9B1A6230DDF2B00685F88 /* DashboardViewController+TableView.swift */ = {isa = PBXFileReference; lastKnownFileType = sourcecode.swift; path = "DashboardViewController+TableView.swift"; sourceTree = "<group>"; };
		A2C9B1A8230DEE5700685F88 /* DashboardViewController+CollectionView.swift */ = {isa = PBXFileReference; lastKnownFileType = sourcecode.swift; path = "DashboardViewController+CollectionView.swift"; sourceTree = "<group>"; };
		A2E26D1423108CE0003AA0EA /* WorkOrdersViewController.swift */ = {isa = PBXFileReference; lastKnownFileType = sourcecode.swift; path = WorkOrdersViewController.swift; sourceTree = "<group>"; };
		E5B5DD817B63E380450E6538 /* Pods-WillowCreek.debug.xcconfig */ = {isa = PBXFileReference; includeInIndex = 1; lastKnownFileType = text.xcconfig; name = "Pods-WillowCreek.debug.xcconfig"; path = "Target Support Files/Pods-WillowCreek/Pods-WillowCreek.debug.xcconfig"; sourceTree = "<group>"; };
		FA748ACEB1D9C740752F0B73 /* Pods_WillowCreek.framework */ = {isa = PBXFileReference; explicitFileType = wrapper.framework; includeInIndex = 0; path = Pods_WillowCreek.framework; sourceTree = BUILT_PRODUCTS_DIR; };
/* End PBXFileReference section */

/* Begin PBXFrameworksBuildPhase section */
		A2BA73462308823300C3B7A6 /* Frameworks */ = {
			isa = PBXFrameworksBuildPhase;
			buildActionMask = 2147483647;
			files = (
				7DB7DA5DA3A7DAFA02BF3447 /* Pods_WillowCreek.framework in Frameworks */,
			);
			runOnlyForDeploymentPostprocessing = 0;
		};
/* End PBXFrameworksBuildPhase section */

/* Begin PBXGroup section */
		656E1422BC8D37091A149488 /* Frameworks */ = {
			isa = PBXGroup;
			children = (
				FA748ACEB1D9C740752F0B73 /* Pods_WillowCreek.framework */,
			);
			name = Frameworks;
			sourceTree = "<group>";
		};
		A22AF95323190C730035F5E4 /* MessagesViewController Components */ = {
			isa = PBXGroup;
			children = (
				A22BE64723189702009D7A52 /* MessagesViewController.swift */,
				A22BE651231904DE009D7A52 /* MessagesTableViewCell.swift */,
			);
			path = "MessagesViewController Components";
			sourceTree = "<group>";
		};
		A22D95A42315D7120002DF27 /* WorkOrderViewController Components */ = {
			isa = PBXGroup;
			children = (
				A235A58723138A1000F04698 /* WorkOrderViewController.swift */,
				A22D95A02315D6E90002DF27 /* MaintenanceTableViewCell.swift */,
			);
			path = "WorkOrderViewController Components";
			sourceTree = "<group>";
		};
		A22D95A72315EC970002DF27 /* Classes */ = {
			isa = PBXGroup;
			children = (
				A235A584231319BF00F04698 /* WorkOrder.swift */,
				A22BE64B2318BFF3009D7A52 /* Update.swift */,
				A22BE64F2318E4F7009D7A52 /* Announcement.swift */,
				A22AF95823197C1F0035F5E4 /* Tenant.swift */,
				A22D95A52315EC5A0002DF27 /* Maintenance.swift */,
				A22AF95423190DC70035F5E4 /* Message.swift */,
			);
			path = Classes;
			sourceTree = "<group>";
		};
		A235A5862313760400F04698 /* WorkOrdersViewController Components */ = {
			isa = PBXGroup;
			children = (
				A2E26D1423108CE0003AA0EA /* WorkOrdersViewController.swift */,
				A235A582231311B000F04698 /* WorkOrderTableViewCell.swift */,
			);
			path = "WorkOrdersViewController Components";
			sourceTree = "<group>";
		};
		A2BA73402308823200C3B7A6 = {
			isa = PBXGroup;
			children = (
				A2BA734B2308823300C3B7A6 /* WillowCreek */,
				A2BA734A2308823300C3B7A6 /* Products */,
				EC06C5F36472974EDC313B5D /* Pods */,
				656E1422BC8D37091A149488 /* Frameworks */,
			);
			sourceTree = "<group>";
		};
		A2BA734A2308823300C3B7A6 /* Products */ = {
			isa = PBXGroup;
			children = (
				A2BA73492308823300C3B7A6 /* WillowCreek.app */,
			);
			name = Products;
			sourceTree = "<group>";
		};
		A2BA734B2308823300C3B7A6 /* WillowCreek */ = {
			isa = PBXGroup;
			children = (
				A2BA734C2308823300C3B7A6 /* AppDelegate.swift */,
				A22D95A72315EC970002DF27 /* Classes */,
				A2BA734E2308823300C3B7A6 /* LoginViewController.swift */,
				A2E26D1623108D3A003AA0EA /* DashboardViewController Components */,
				A235A5862313760400F04698 /* WorkOrdersViewController Components */,
				A22D95A42315D7120002DF27 /* WorkOrderViewController Components */,
				A22D95A823170E8B0002DF27 /* UpdateViewController.swift */,
				A22D95A22315D7080002DF27 /* UpdateTableViewCell.swift */,
				A22AF95323190C730035F5E4 /* MessagesViewController Components */,
				A2767417230A2FF8001FA091 /* MessageViewController.swift */,
				A22AF95623197B410035F5E4 /* SearchViewController.swift */,
				A22BE64D2318E424009D7A52 /* AnnouncementsViewController.swift */,
				A2BA73502308823300C3B7A6 /* Main.storyboard */,
				A2BA73532308823400C3B7A6 /* Assets.xcassets */,
				A2BA73552308823400C3B7A6 /* LaunchScreen.storyboard */,
				A2BA73582308823400C3B7A6 /* Info.plist */,
				A2BA735E2308AB3A00C3B7A6 /* GoogleService-Info.plist */,
			);
			path = WillowCreek;
			sourceTree = "<group>";
		};
		A2E26D1623108D3A003AA0EA /* DashboardViewController Components */ = {
			isa = PBXGroup;
			children = (
				A2767415230A2F90001FA091 /* DashboardViewController.swift */,
				A2C9B1A6230DDF2B00685F88 /* DashboardViewController+TableView.swift */,
				A2C9B1A8230DEE5700685F88 /* DashboardViewController+CollectionView.swift */,
				A2502066230CA4B2007260EC /* InboxMenuTableViewCell.swift */,
				A2C9B1A4230DDC9D00685F88 /* CustomCollectionViewCell.swift */,
			);
			path = "DashboardViewController Components";
			sourceTree = "<group>";
		};
		EC06C5F36472974EDC313B5D /* Pods */ = {
			isa = PBXGroup;
			children = (
				E5B5DD817B63E380450E6538 /* Pods-WillowCreek.debug.xcconfig */,
				87938F6FA0631C461C628EF3 /* Pods-WillowCreek.release.xcconfig */,
			);
			path = Pods;
			sourceTree = "<group>";
		};
/* End PBXGroup section */

/* Begin PBXNativeTarget section */
		A2BA73482308823300C3B7A6 /* WillowCreek */ = {
			isa = PBXNativeTarget;
			buildConfigurationList = A2BA735B2308823400C3B7A6 /* Build configuration list for PBXNativeTarget "WillowCreek" */;
			buildPhases = (
				CA7D90AD28992BB864A29D85 /* [CP] Check Pods Manifest.lock */,
				A2BA73452308823300C3B7A6 /* Sources */,
				A2BA73462308823300C3B7A6 /* Frameworks */,
				A2BA73472308823300C3B7A6 /* Resources */,
				E20C7D4ECAB3D2AB7598675B /* [CP] Embed Pods Frameworks */,
			);
			buildRules = (
			);
			dependencies = (
			);
			name = WillowCreek;
			productName = WillowCreek;
			productReference = A2BA73492308823300C3B7A6 /* WillowCreek.app */;
			productType = "com.apple.product-type.application";
		};
/* End PBXNativeTarget section */

/* Begin PBXProject section */
		A2BA73412308823200C3B7A6 /* Project object */ = {
			isa = PBXProject;
			attributes = {
				LastSwiftUpdateCheck = 1030;
				LastUpgradeCheck = 1030;
				ORGANIZATIONNAME = "Jarrod Mitchell";
				TargetAttributes = {
					A2BA73482308823300C3B7A6 = {
						CreatedOnToolsVersion = 10.3;
					};
				};
			};
			buildConfigurationList = A2BA73442308823200C3B7A6 /* Build configuration list for PBXProject "WillowCreek" */;
			compatibilityVersion = "Xcode 9.3";
			developmentRegion = en;
			hasScannedForEncodings = 0;
			knownRegions = (
				en,
				Base,
			);
			mainGroup = A2BA73402308823200C3B7A6;
			productRefGroup = A2BA734A2308823300C3B7A6 /* Products */;
			projectDirPath = "";
			projectRoot = "";
			targets = (
				A2BA73482308823300C3B7A6 /* WillowCreek */,
			);
		};
/* End PBXProject section */

/* Begin PBXResourcesBuildPhase section */
		A2BA73472308823300C3B7A6 /* Resources */ = {
			isa = PBXResourcesBuildPhase;
			buildActionMask = 2147483647;
			files = (
				A2BA73572308823400C3B7A6 /* LaunchScreen.storyboard in Resources */,
				A2BA73542308823400C3B7A6 /* Assets.xcassets in Resources */,
				A2BA735F2308AB3A00C3B7A6 /* GoogleService-Info.plist in Resources */,
				A2BA73522308823300C3B7A6 /* Main.storyboard in Resources */,
			);
			runOnlyForDeploymentPostprocessing = 0;
		};
/* End PBXResourcesBuildPhase section */

/* Begin PBXShellScriptBuildPhase section */
		CA7D90AD28992BB864A29D85 /* [CP] Check Pods Manifest.lock */ = {
			isa = PBXShellScriptBuildPhase;
			buildActionMask = 2147483647;
			files = (
			);
			inputFileListPaths = (
			);
			inputPaths = (
				"${PODS_PODFILE_DIR_PATH}/Podfile.lock",
				"${PODS_ROOT}/Manifest.lock",
			);
			name = "[CP] Check Pods Manifest.lock";
			outputFileListPaths = (
			);
			outputPaths = (
				"$(DERIVED_FILE_DIR)/Pods-WillowCreek-checkManifestLockResult.txt",
			);
			runOnlyForDeploymentPostprocessing = 0;
			shellPath = /bin/sh;
			shellScript = "diff \"${PODS_PODFILE_DIR_PATH}/Podfile.lock\" \"${PODS_ROOT}/Manifest.lock\" > /dev/null\nif [ $? != 0 ] ; then\n    # print error to STDERR\n    echo \"error: The sandbox is not in sync with the Podfile.lock. Run 'pod install' or update your CocoaPods installation.\" >&2\n    exit 1\nfi\n# This output is used by Xcode 'outputs' to avoid re-running this script phase.\necho \"SUCCESS\" > \"${SCRIPT_OUTPUT_FILE_0}\"\n";
			showEnvVarsInLog = 0;
		};
		E20C7D4ECAB3D2AB7598675B /* [CP] Embed Pods Frameworks */ = {
			isa = PBXShellScriptBuildPhase;
			buildActionMask = 2147483647;
			files = (
			);
			inputFileListPaths = (
				"${PODS_ROOT}/Target Support Files/Pods-WillowCreek/Pods-WillowCreek-frameworks-${CONFIGURATION}-input-files.xcfilelist",
			);
			name = "[CP] Embed Pods Frameworks";
			outputFileListPaths = (
				"${PODS_ROOT}/Target Support Files/Pods-WillowCreek/Pods-WillowCreek-frameworks-${CONFIGURATION}-output-files.xcfilelist",
			);
			runOnlyForDeploymentPostprocessing = 0;
			shellPath = /bin/sh;
			shellScript = "\"${PODS_ROOT}/Target Support Files/Pods-WillowCreek/Pods-WillowCreek-frameworks.sh\"\n";
			showEnvVarsInLog = 0;
		};
/* End PBXShellScriptBuildPhase section */

/* Begin PBXSourcesBuildPhase section */
		A2BA73452308823300C3B7A6 /* Sources */ = {
			isa = PBXSourcesBuildPhase;
			buildActionMask = 2147483647;
			files = (
				A2C9B1A9230DEE5700685F88 /* DashboardViewController+CollectionView.swift in Sources */,
				A2BA734F2308823300C3B7A6 /* LoginViewController.swift in Sources */,
				A235A58823138A1000F04698 /* WorkOrderViewController.swift in Sources */,
				A22BE64823189702009D7A52 /* MessagesViewController.swift in Sources */,
				A2C9B1A5230DDC9D00685F88 /* CustomCollectionViewCell.swift in Sources */,
				A22D95A32315D7080002DF27 /* UpdateTableViewCell.swift in Sources */,
				A235A583231311B000F04698 /* WorkOrderTableViewCell.swift in Sources */,
				A2502067230CA4B2007260EC /* InboxMenuTableViewCell.swift in Sources */,
				A22BE6502318E4F7009D7A52 /* Announcement.swift in Sources */,
				A22AF95923197C1F0035F5E4 /* Tenant.swift in Sources */,
				A22D95A923170E8B0002DF27 /* UpdateViewController.swift in Sources */,
				A2C9B1A7230DDF2B00685F88 /* DashboardViewController+TableView.swift in Sources */,
				A2767416230A2F90001FA091 /* DashboardViewController.swift in Sources */,
				A235A585231319BF00F04698 /* WorkOrder.swift in Sources */,
				A22AF95723197B410035F5E4 /* SearchViewController.swift in Sources */,
				A22BE64C2318BFF3009D7A52 /* Update.swift in Sources */,
				A22BE652231904DE009D7A52 /* MessagesTableViewCell.swift in Sources */,
				A2E26D1523108CE0003AA0EA /* WorkOrdersViewController.swift in Sources */,
				A2767418230A2FF8001FA091 /* MessageViewController.swift in Sources */,
				A22AF95523190DC70035F5E4 /* Message.swift in Sources */,
				A22D95A62315EC5A0002DF27 /* Maintenance.swift in Sources */,
				A2BA734D2308823300C3B7A6 /* AppDelegate.swift in Sources */,
				A22BE64E2318E424009D7A52 /* AnnouncementsViewController.swift in Sources */,
				A22D95A12315D6E90002DF27 /* MaintenanceTableViewCell.swift in Sources */,
			);
			runOnlyForDeploymentPostprocessing = 0;
		};
/* End PBXSourcesBuildPhase section */

/* Begin PBXVariantGroup section */
		A2BA73502308823300C3B7A6 /* Main.storyboard */ = {
			isa = PBXVariantGroup;
			children = (
				A2BA73512308823300C3B7A6 /* Base */,
			);
			name = Main.storyboard;
			sourceTree = "<group>";
		};
		A2BA73552308823400C3B7A6 /* LaunchScreen.storyboard */ = {
			isa = PBXVariantGroup;
			children = (
				A2BA73562308823400C3B7A6 /* Base */,
			);
			name = LaunchScreen.storyboard;
			sourceTree = "<group>";
		};
/* End PBXVariantGroup section */

/* Begin XCBuildConfiguration section */
		A2BA73592308823400C3B7A6 /* Debug */ = {
			isa = XCBuildConfiguration;
			buildSettings = {
				ALWAYS_SEARCH_USER_PATHS = NO;
				CLANG_ANALYZER_NONNULL = YES;
				CLANG_ANALYZER_NUMBER_OBJECT_CONVERSION = YES_AGGRESSIVE;
				CLANG_CXX_LANGUAGE_STANDARD = "gnu++14";
				CLANG_CXX_LIBRARY = "libc++";
				CLANG_ENABLE_MODULES = YES;
				CLANG_ENABLE_OBJC_ARC = YES;
				CLANG_ENABLE_OBJC_WEAK = YES;
				CLANG_WARN_BLOCK_CAPTURE_AUTORELEASING = YES;
				CLANG_WARN_BOOL_CONVERSION = YES;
				CLANG_WARN_COMMA = YES;
				CLANG_WARN_CONSTANT_CONVERSION = YES;
				CLANG_WARN_DEPRECATED_OBJC_IMPLEMENTATIONS = YES;
				CLANG_WARN_DIRECT_OBJC_ISA_USAGE = YES_ERROR;
				CLANG_WARN_DOCUMENTATION_COMMENTS = YES;
				CLANG_WARN_EMPTY_BODY = YES;
				CLANG_WARN_ENUM_CONVERSION = YES;
				CLANG_WARN_INFINITE_RECURSION = YES;
				CLANG_WARN_INT_CONVERSION = YES;
				CLANG_WARN_NON_LITERAL_NULL_CONVERSION = YES;
				CLANG_WARN_OBJC_IMPLICIT_RETAIN_SELF = YES;
				CLANG_WARN_OBJC_LITERAL_CONVERSION = YES;
				CLANG_WARN_OBJC_ROOT_CLASS = YES_ERROR;
				CLANG_WARN_RANGE_LOOP_ANALYSIS = YES;
				CLANG_WARN_STRICT_PROTOTYPES = YES;
				CLANG_WARN_SUSPICIOUS_MOVE = YES;
				CLANG_WARN_UNGUARDED_AVAILABILITY = YES_AGGRESSIVE;
				CLANG_WARN_UNREACHABLE_CODE = YES;
				CLANG_WARN__DUPLICATE_METHOD_MATCH = YES;
				CODE_SIGN_IDENTITY = "iPhone Developer: monas@tuta.io (DYLGWH328P)";
				CODE_SIGN_STYLE = Manual;
				COPY_PHASE_STRIP = NO;
				DEBUG_INFORMATION_FORMAT = dwarf;
				ENABLE_STRICT_OBJC_MSGSEND = YES;
				ENABLE_TESTABILITY = YES;
				GCC_C_LANGUAGE_STANDARD = gnu11;
				GCC_DYNAMIC_NO_PIC = NO;
				GCC_NO_COMMON_BLOCKS = YES;
				GCC_OPTIMIZATION_LEVEL = 0;
				GCC_PREPROCESSOR_DEFINITIONS = (
					"DEBUG=1",
					"$(inherited)",
				);
				GCC_WARN_64_TO_32_BIT_CONVERSION = YES;
				GCC_WARN_ABOUT_RETURN_TYPE = YES_ERROR;
				GCC_WARN_UNDECLARED_SELECTOR = YES;
				GCC_WARN_UNINITIALIZED_AUTOS = YES_AGGRESSIVE;
				GCC_WARN_UNUSED_FUNCTION = YES;
				GCC_WARN_UNUSED_VARIABLE = YES;
				IPHONEOS_DEPLOYMENT_TARGET = 12.4;
				MTL_ENABLE_DEBUG_INFO = INCLUDE_SOURCE;
				MTL_FAST_MATH = YES;
				ONLY_ACTIVE_ARCH = YES;
				SDKROOT = iphoneos;
				SWIFT_ACTIVE_COMPILATION_CONDITIONS = DEBUG;
				SWIFT_OPTIMIZATION_LEVEL = "-Onone";
			};
			name = Debug;
		};
		A2BA735A2308823400C3B7A6 /* Release */ = {
			isa = XCBuildConfiguration;
			buildSettings = {
				ALWAYS_SEARCH_USER_PATHS = NO;
				CLANG_ANALYZER_NONNULL = YES;
				CLANG_ANALYZER_NUMBER_OBJECT_CONVERSION = YES_AGGRESSIVE;
				CLANG_CXX_LANGUAGE_STANDARD = "gnu++14";
				CLANG_CXX_LIBRARY = "libc++";
				CLANG_ENABLE_MODULES = YES;
				CLANG_ENABLE_OBJC_ARC = YES;
				CLANG_ENABLE_OBJC_WEAK = YES;
				CLANG_WARN_BLOCK_CAPTURE_AUTORELEASING = YES;
				CLANG_WARN_BOOL_CONVERSION = YES;
				CLANG_WARN_COMMA = YES;
				CLANG_WARN_CONSTANT_CONVERSION = YES;
				CLANG_WARN_DEPRECATED_OBJC_IMPLEMENTATIONS = YES;
				CLANG_WARN_DIRECT_OBJC_ISA_USAGE = YES_ERROR;
				CLANG_WARN_DOCUMENTATION_COMMENTS = YES;
				CLANG_WARN_EMPTY_BODY = YES;
				CLANG_WARN_ENUM_CONVERSION = YES;
				CLANG_WARN_INFINITE_RECURSION = YES;
				CLANG_WARN_INT_CONVERSION = YES;
				CLANG_WARN_NON_LITERAL_NULL_CONVERSION = YES;
				CLANG_WARN_OBJC_IMPLICIT_RETAIN_SELF = YES;
				CLANG_WARN_OBJC_LITERAL_CONVERSION = YES;
				CLANG_WARN_OBJC_ROOT_CLASS = YES_ERROR;
				CLANG_WARN_RANGE_LOOP_ANALYSIS = YES;
				CLANG_WARN_STRICT_PROTOTYPES = YES;
				CLANG_WARN_SUSPICIOUS_MOVE = YES;
				CLANG_WARN_UNGUARDED_AVAILABILITY = YES_AGGRESSIVE;
				CLANG_WARN_UNREACHABLE_CODE = YES;
				CLANG_WARN__DUPLICATE_METHOD_MATCH = YES;
				CODE_SIGN_IDENTITY = "iPhone Developer: monas@tuta.io (DYLGWH328P)";
				CODE_SIGN_STYLE = Manual;
				COPY_PHASE_STRIP = NO;
				DEBUG_INFORMATION_FORMAT = "dwarf-with-dsym";
				ENABLE_NS_ASSERTIONS = NO;
				ENABLE_STRICT_OBJC_MSGSEND = YES;
				GCC_C_LANGUAGE_STANDARD = gnu11;
				GCC_NO_COMMON_BLOCKS = YES;
				GCC_WARN_64_TO_32_BIT_CONVERSION = YES;
				GCC_WARN_ABOUT_RETURN_TYPE = YES_ERROR;
				GCC_WARN_UNDECLARED_SELECTOR = YES;
				GCC_WARN_UNINITIALIZED_AUTOS = YES_AGGRESSIVE;
				GCC_WARN_UNUSED_FUNCTION = YES;
				GCC_WARN_UNUSED_VARIABLE = YES;
				IPHONEOS_DEPLOYMENT_TARGET = 12.4;
				MTL_ENABLE_DEBUG_INFO = NO;
				MTL_FAST_MATH = YES;
				SDKROOT = iphoneos;
				SWIFT_COMPILATION_MODE = wholemodule;
				SWIFT_OPTIMIZATION_LEVEL = "-O";
				VALIDATE_PRODUCT = YES;
			};
			name = Release;
		};
		A2BA735C2308823400C3B7A6 /* Debug */ = {
			isa = XCBuildConfiguration;
			baseConfigurationReference = E5B5DD817B63E380450E6538 /* Pods-WillowCreek.debug.xcconfig */;
			buildSettings = {
				ASSETCATALOG_COMPILER_APPICON_NAME = AppIcon;
				CODE_SIGN_IDENTITY = "iPhone Developer: jcmitchell@student.fullsail.edu (37979JZ7C2)";
				CODE_SIGN_STYLE = Automatic;
				DEVELOPMENT_TEAM = 9H9KFL6L74;
				INFOPLIST_FILE = WillowCreek/Info.plist;
				IPHONEOS_DEPLOYMENT_TARGET = 12.1;
				LD_RUNPATH_SEARCH_PATHS = (
					"$(inherited)",
					"@executable_path/Frameworks",
				);
				PRODUCT_BUNDLE_IDENTIFIER = com.water7.WillowCreek;
				PRODUCT_NAME = "$(TARGET_NAME)";
				PROVISIONING_PROFILE_SPECIFIER = "";
				SWIFT_VERSION = 5.0;
				TARGETED_DEVICE_FAMILY = 1;
			};
			name = Debug;
		};
		A2BA735D2308823400C3B7A6 /* Release */ = {
			isa = XCBuildConfiguration;
			baseConfigurationReference = 87938F6FA0631C461C628EF3 /* Pods-WillowCreek.release.xcconfig */;
			buildSettings = {
				ASSETCATALOG_COMPILER_APPICON_NAME = AppIcon;
				CODE_SIGN_IDENTITY = "iPhone Developer: jcmitchell@student.fullsail.edu (37979JZ7C2)";
				CODE_SIGN_STYLE = Automatic;
				DEVELOPMENT_TEAM = 9H9KFL6L74;
				INFOPLIST_FILE = WillowCreek/Info.plist;
				IPHONEOS_DEPLOYMENT_TARGET = 12.1;
				LD_RUNPATH_SEARCH_PATHS = (
					"$(inherited)",
					"@executable_path/Frameworks",
				);
				PRODUCT_BUNDLE_IDENTIFIER = com.water7.WillowCreek;
				PRODUCT_NAME = "$(TARGET_NAME)";
				PROVISIONING_PROFILE_SPECIFIER = "";
				SWIFT_VERSION = 5.0;
				TARGETED_DEVICE_FAMILY = 1;
			};
			name = Release;
		};
/* End XCBuildConfiguration section */

/* Begin XCConfigurationList section */
		A2BA73442308823200C3B7A6 /* Build configuration list for PBXProject "WillowCreek" */ = {
			isa = XCConfigurationList;
			buildConfigurations = (
				A2BA73592308823400C3B7A6 /* Debug */,
				A2BA735A2308823400C3B7A6 /* Release */,
			);
			defaultConfigurationIsVisible = 0;
			defaultConfigurationName = Release;
		};
		A2BA735B2308823400C3B7A6 /* Build configuration list for PBXNativeTarget "WillowCreek" */ = {
			isa = XCConfigurationList;
			buildConfigurations = (
				A2BA735C2308823400C3B7A6 /* Debug */,
				A2BA735D2308823400C3B7A6 /* Release */,
			);
			defaultConfigurationIsVisible = 0;
			defaultConfigurationName = Release;
		};
/* End XCConfigurationList section */
	};
	rootObject = A2BA73412308823200C3B7A6 /* Project object */;
}
